# THIS IS AN AUTOGENERATED FILE. DO NOT EDIT THIS FILE DIRECTLY.
# yarn lockfile v1


"@types/node@>=8.1.0":
  version "14.6.4"
  resolved "https://registry.yarnpkg.com/@types/node/-/node-14.6.4.tgz#a145cc0bb14ef9c4777361b7bbafa5cf8e3acb5a"
  integrity sha512-Wk7nG1JSaMfMpoMJDKUsWYugliB2Vy55pdjLpmLixeyMi7HizW2I/9QoxsPCkXl3dO+ZOVqPumKaDUv5zJu2uQ==

qs@^6.6.0:
  version "6.9.4"
  resolved "https://registry.yarnpkg.com/qs/-/qs-6.9.4.tgz#9090b290d1f91728d3c22e54843ca44aea5ab687"
  integrity sha512-A1kFqHekCTM7cz0udomYUoYNWjBebHm/5wzU/XqrBRBNWectVH0QIiN+NEcZ0Dte5hvzHwbr8+XQmguPhJ6WdQ==

stripe@^8.92.0:
  version "8.92.0"
  resolved "https://registry.yarnpkg.com/stripe/-/stripe-8.92.0.tgz#f38fb394347eec3b55ee951d99d24b47388a7f55"
  integrity sha512-1LmHDs4GUyi0g4ZCA08orsJSgmo9FmQB9BLBSdFqAJsV8cWbMYV9v8Ioj4G3H3hi9pVEfpn3MDc26EFDkGrWdg==
  dependencies:
    "@types/node" ">=8.1.0"
    qs "^6.6.0"
